
Microsoft Visual Studio Solution File, Format Version 12.00
# Visual Studio Version 17
VisualStudioVersion = 17.7.34024.191
MinimumVisualStudioVersion = 10.0.40219.1
Project("{9A19103F-16F7-4668-BE54-9A1E7A4F7556}") = "Neuromaster_Demo_Library_netx", "Neuromaster_Demo_Library_netx.csproj", "{D5D53993-5B23-423C-8AC2-F5AA3FAD8790}"
EndProject
Project("{9A19103F-16F7-4668-BE54-9A1E7A4F7556}") = "FilteringLibrary", "..\Libraries_netx\FilteringLibrary\FilteringLibrary.csproj", "{27548454-8F9A-4726-893D-A5BC341DD36D}"
EndProject
Project("{9A19103F-16F7-4668-BE54-9A1E7A4F7556}") = "Math_Net_nuget_Insight", "..\Libraries_netx\Math_Net_nuget\Math_Net_nuget_Insight.csproj", "{3E2C3D28-2B0A-488E-98B9-3CA951FE6CCB}"
EndProject
Project("{9A19103F-16F7-4668-BE54-9A1E7A4F7556}") = "XBeeLib_Insight", "..\Libraries_netx\XBeeLib\XBeeLib_Insight.csproj", "{FDF95C87-B91D-42E2-A724-5F2B5D26F0B4}"
EndProject
Project("{9A19103F-16F7-4668-BE54-9A1E7A4F7556}") = "BMTCommunication_Insight", "..\Libraries_netx\BMTCommunication\BMTCommunication_Insight.csproj", "{DF0B8284-12A5-4F9D-90D8-CF32EE51DAB8}"
EndProject
Project("{9A19103F-16F7-4668-BE54-9A1E7A4F7556}") = "DataGridViewNumericUpDown", "..\Libraries_netx\DataGridViewNumericUpDown\DataGridViewNumericUpDown.csproj", "{07C30CDD-AF72-482C-897C-2645A36434D9}"
EndProject
Project("{9A19103F-16F7-4668-BE54-9A1E7A4F7556}") = "FeedbackDataLib_GUI", "..\Libraries_netx\FeedbackDataLib_GUI\FeedbackDataLib_GUI.csproj", "{B033F19F-DF6D-4885-82B5-0B237D3B7D44}"
EndProject
Project("{9A19103F-16F7-4668-BE54-9A1E7A4F7556}") = "FeedbackDataLib", "..\Libraries_netx\FeedbackDataLib\FeedbackDataLib.csproj", "{A5010281-7F3E-4C91-B062-B7D6E40D310F}"
EndProject
Project("{9A19103F-16F7-4668-BE54-9A1E7A4F7556}") = "DirectXControls", "..\Libraries_netx\DirectXControls\DirectXControls.csproj", "{3595CC4E-337B-4928-8404-C0864BC26153}"
EndProject
Project("{FAE04EC0-301F-11D3-BF4B-00C04F79EFBC}") = "WindControlLib", "..\Libraries_netx\WindControlLib\WindControlLib.csproj", "{F75E390F-9997-4F0C-A2B1-5294B4F6A51C}"
EndProject
Project("{FAE04EC0-301F-11D3-BF4B-00C04F79EFBC}") = "WindControlLib_GUI", "..\Libraries_netx\WindControlLib_GUI\WindControlLib_GUI.csproj", "{C17B15B5-FE57-4101-BE9A-94CE2D6A8268}"
EndProject
Global
	GlobalSection(SolutionConfigurationPlatforms) = preSolution
		Debug|Any CPU = Debug|Any CPU
		Debug|ARM = Debug|ARM
		Debug|ARM64 = Debug|ARM64
		Debug|x64 = Debug|x64
		Debug|x86 = Debug|x86
		Release|Any CPU = Release|Any CPU
		Release|ARM = Release|ARM
		Release|ARM64 = Release|ARM64
		Release|x64 = Release|x64
		Release|x86 = Release|x86
	EndGlobalSection
	GlobalSection(ProjectConfigurationPlatforms) = postSolution
		{D5D53993-5B23-423C-8AC2-F5AA3FAD8790}.Debug|Any CPU.ActiveCfg = Debug|Any CPU
		{D5D53993-5B23-423C-8AC2-F5AA3FAD8790}.Debug|Any CPU.Build.0 = Debug|Any CPU
		{D5D53993-5B23-423C-8AC2-F5AA3FAD8790}.Debug|ARM.ActiveCfg = Debug|Any CPU
		{D5D53993-5B23-423C-8AC2-F5AA3FAD8790}.Debug|ARM.Build.0 = Debug|Any CPU
		{D5D53993-5B23-423C-8AC2-F5AA3FAD8790}.Debug|ARM64.ActiveCfg = Debug|Any CPU
		{D5D53993-5B23-423C-8AC2-F5AA3FAD8790}.Debug|ARM64.Build.0 = Debug|Any CPU
		{D5D53993-5B23-423C-8AC2-F5AA3FAD8790}.Debug|x64.ActiveCfg = Debug|x64
		{D5D53993-5B23-423C-8AC2-F5AA3FAD8790}.Debug|x64.Build.0 = Debug|x64
		{D5D53993-5B23-423C-8AC2-F5AA3FAD8790}.Debug|x86.ActiveCfg = Debug|Any CPU
		{D5D53993-5B23-423C-8AC2-F5AA3FAD8790}.Debug|x86.Build.0 = Debug|Any CPU
		{D5D53993-5B23-423C-8AC2-F5AA3FAD8790}.Release|Any CPU.ActiveCfg = Release|Any CPU
		{D5D53993-5B23-423C-8AC2-F5AA3FAD8790}.Release|Any CPU.Build.0 = Release|Any CPU
		{D5D53993-5B23-423C-8AC2-F5AA3FAD8790}.Release|ARM.ActiveCfg = Release|Any CPU
		{D5D53993-5B23-423C-8AC2-F5AA3FAD8790}.Release|ARM.Build.0 = Release|Any CPU
		{D5D53993-5B23-423C-8AC2-F5AA3FAD8790}.Release|ARM64.ActiveCfg = Release|Any CPU
		{D5D53993-5B23-423C-8AC2-F5AA3FAD8790}.Release|ARM64.Build.0 = Release|Any CPU
		{D5D53993-5B23-423C-8AC2-F5AA3FAD8790}.Release|x64.ActiveCfg = Release|x64
		{D5D53993-5B23-423C-8AC2-F5AA3FAD8790}.Release|x64.Build.0 = Release|x64
		{D5D53993-5B23-423C-8AC2-F5AA3FAD8790}.Release|x86.ActiveCfg = Release|Any CPU
		{D5D53993-5B23-423C-8AC2-F5AA3FAD8790}.Release|x86.Build.0 = Release|Any CPU
		{27548454-8F9A-4726-893D-A5BC341DD36D}.Debug|Any CPU.ActiveCfg = Debug|Any CPU
		{27548454-8F9A-4726-893D-A5BC341DD36D}.Debug|Any CPU.Build.0 = Debug|Any CPU
		{27548454-8F9A-4726-893D-A5BC341DD36D}.Debug|ARM.ActiveCfg = Debug|Any CPU
		{27548454-8F9A-4726-893D-A5BC341DD36D}.Debug|ARM.Build.0 = Debug|Any CPU
		{27548454-8F9A-4726-893D-A5BC341DD36D}.Debug|ARM64.ActiveCfg = Debug|Any CPU
		{27548454-8F9A-4726-893D-A5BC341DD36D}.Debug|ARM64.Build.0 = Debug|Any CPU
		{27548454-8F9A-4726-893D-A5BC341DD36D}.Debug|x64.ActiveCfg = Debug|x64
		{27548454-8F9A-4726-893D-A5BC341DD36D}.Debug|x64.Build.0 = Debug|x64
		{27548454-8F9A-4726-893D-A5BC341DD36D}.Debug|x86.ActiveCfg = Debug|Any CPU
		{27548454-8F9A-4726-893D-A5BC341DD36D}.Debug|x86.Build.0 = Debug|Any CPU
		{27548454-8F9A-4726-893D-A5BC341DD36D}.Release|Any CPU.ActiveCfg = Release|Any CPU
		{27548454-8F9A-4726-893D-A5BC341DD36D}.Release|Any CPU.Build.0 = Release|Any CPU
		{27548454-8F9A-4726-893D-A5BC341DD36D}.Release|ARM.ActiveCfg = Release|Any CPU
		{27548454-8F9A-4726-893D-A5BC341DD36D}.Release|ARM.Build.0 = Release|Any CPU
		{27548454-8F9A-4726-893D-A5BC341DD36D}.Release|ARM64.ActiveCfg = Release|Any CPU
		{27548454-8F9A-4726-893D-A5BC341DD36D}.Release|ARM64.Build.0 = Release|Any CPU
		{27548454-8F9A-4726-893D-A5BC341DD36D}.Release|x64.ActiveCfg = Release|x64
		{27548454-8F9A-4726-893D-A5BC341DD36D}.Release|x64.Build.0 = Release|x64
		{27548454-8F9A-4726-893D-A5BC341DD36D}.Release|x86.ActiveCfg = Release|Any CPU
		{27548454-8F9A-4726-893D-A5BC341DD36D}.Release|x86.Build.0 = Release|Any CPU
		{3E2C3D28-2B0A-488E-98B9-3CA951FE6CCB}.Debug|Any CPU.ActiveCfg = Debug|Any CPU
		{3E2C3D28-2B0A-488E-98B9-3CA951FE6CCB}.Debug|Any CPU.Build.0 = Debug|Any CPU
		{3E2C3D28-2B0A-488E-98B9-3CA951FE6CCB}.Debug|ARM.ActiveCfg = Debug|Any CPU
		{3E2C3D28-2B0A-488E-98B9-3CA951FE6CCB}.Debug|ARM.Build.0 = Debug|Any CPU
		{3E2C3D28-2B0A-488E-98B9-3CA951FE6CCB}.Debug|ARM64.ActiveCfg = Debug|Any CPU
		{3E2C3D28-2B0A-488E-98B9-3CA951FE6CCB}.Debug|ARM64.Build.0 = Debug|Any CPU
		{3E2C3D28-2B0A-488E-98B9-3CA951FE6CCB}.Debug|x64.ActiveCfg = Debug|x64
		{3E2C3D28-2B0A-488E-98B9-3CA951FE6CCB}.Debug|x64.Build.0 = Debug|x64
		{3E2C3D28-2B0A-488E-98B9-3CA951FE6CCB}.Debug|x86.ActiveCfg = Debug|Any CPU
		{3E2C3D28-2B0A-488E-98B9-3CA951FE6CCB}.Debug|x86.Build.0 = Debug|Any CPU
		{3E2C3D28-2B0A-488E-98B9-3CA951FE6CCB}.Release|Any CPU.ActiveCfg = Release|Any CPU
		{3E2C3D28-2B0A-488E-98B9-3CA951FE6CCB}.Release|Any CPU.Build.0 = Release|Any CPU
		{3E2C3D28-2B0A-488E-98B9-3CA951FE6CCB}.Release|ARM.ActiveCfg = Release|Any CPU
		{3E2C3D28-2B0A-488E-98B9-3CA951FE6CCB}.Release|ARM.Build.0 = Release|Any CPU
		{3E2C3D28-2B0A-488E-98B9-3CA951FE6CCB}.Release|ARM64.ActiveCfg = Release|Any CPU
		{3E2C3D28-2B0A-488E-98B9-3CA951FE6CCB}.Release|ARM64.Build.0 = Release|Any CPU
		{3E2C3D28-2B0A-488E-98B9-3CA951FE6CCB}.Release|x64.ActiveCfg = Release|x64
		{3E2C3D28-2B0A-488E-98B9-3CA951FE6CCB}.Release|x64.Build.0 = Release|x64
		{3E2C3D28-2B0A-488E-98B9-3CA951FE6CCB}.Release|x86.ActiveCfg = Release|Any CPU
		{3E2C3D28-2B0A-488E-98B9-3CA951FE6CCB}.Release|x86.Build.0 = Release|Any CPU
		{FDF95C87-B91D-42E2-A724-5F2B5D26F0B4}.Debug|Any CPU.ActiveCfg = Debug|Any CPU
		{FDF95C87-B91D-42E2-A724-5F2B5D26F0B4}.Debug|Any CPU.Build.0 = Debug|Any CPU
		{FDF95C87-B91D-42E2-A724-5F2B5D26F0B4}.Debug|ARM.ActiveCfg = Debug|Any CPU
		{FDF95C87-B91D-42E2-A724-5F2B5D26F0B4}.Debug|ARM.Build.0 = Debug|Any CPU
		{FDF95C87-B91D-42E2-A724-5F2B5D26F0B4}.Debug|ARM64.ActiveCfg = Debug|Any CPU
		{FDF95C87-B91D-42E2-A724-5F2B5D26F0B4}.Debug|ARM64.Build.0 = Debug|Any CPU
		{FDF95C87-B91D-42E2-A724-5F2B5D26F0B4}.Debug|x64.ActiveCfg = Debug|x64
		{FDF95C87-B91D-42E2-A724-5F2B5D26F0B4}.Debug|x64.Build.0 = Debug|x64
		{FDF95C87-B91D-42E2-A724-5F2B5D26F0B4}.Debug|x86.ActiveCfg = Debug|Any CPU
		{FDF95C87-B91D-42E2-A724-5F2B5D26F0B4}.Debug|x86.Build.0 = Debug|Any CPU
		{FDF95C87-B91D-42E2-A724-5F2B5D26F0B4}.Release|Any CPU.ActiveCfg = Release|Any CPU
		{FDF95C87-B91D-42E2-A724-5F2B5D26F0B4}.Release|Any CPU.Build.0 = Release|Any CPU
		{FDF95C87-B91D-42E2-A724-5F2B5D26F0B4}.Release|ARM.ActiveCfg = Release|Any CPU
		{FDF95C87-B91D-42E2-A724-5F2B5D26F0B4}.Release|ARM.Build.0 = Release|Any CPU
		{FDF95C87-B91D-42E2-A724-5F2B5D26F0B4}.Release|ARM64.ActiveCfg = Release|Any CPU
		{FDF95C87-B91D-42E2-A724-5F2B5D26F0B4}.Release|ARM64.Build.0 = Release|Any CPU
		{FDF95C87-B91D-42E2-A724-5F2B5D26F0B4}.Release|x64.ActiveCfg = Release|x64
		{FDF95C87-B91D-42E2-A724-5F2B5D26F0B4}.Release|x64.Build.0 = Release|x64
		{FDF95C87-B91D-42E2-A724-5F2B5D26F0B4}.Release|x86.ActiveCfg = Release|Any CPU
		{FDF95C87-B91D-42E2-A724-5F2B5D26F0B4}.Release|x86.Build.0 = Release|Any CPU
		{DF0B8284-12A5-4F9D-90D8-CF32EE51DAB8}.Debug|Any CPU.ActiveCfg = Debug|Any CPU
		{DF0B8284-12A5-4F9D-90D8-CF32EE51DAB8}.Debug|Any CPU.Build.0 = Debug|Any CPU
		{DF0B8284-12A5-4F9D-90D8-CF32EE51DAB8}.Debug|ARM.ActiveCfg = Debug|Any CPU
		{DF0B8284-12A5-4F9D-90D8-CF32EE51DAB8}.Debug|ARM.Build.0 = Debug|Any CPU
		{DF0B8284-12A5-4F9D-90D8-CF32EE51DAB8}.Debug|ARM64.ActiveCfg = Debug|Any CPU
		{DF0B8284-12A5-4F9D-90D8-CF32EE51DAB8}.Debug|ARM64.Build.0 = Debug|Any CPU
		{DF0B8284-12A5-4F9D-90D8-CF32EE51DAB8}.Debug|x64.ActiveCfg = Debug|Any CPU
		{DF0B8284-12A5-4F9D-90D8-CF32EE51DAB8}.Debug|x64.Build.0 = Debug|Any CPU
		{DF0B8284-12A5-4F9D-90D8-CF32EE51DAB8}.Debug|x86.ActiveCfg = Debug|Any CPU
		{DF0B8284-12A5-4F9D-90D8-CF32EE51DAB8}.Debug|x86.Build.0 = Debug|Any CPU
		{DF0B8284-12A5-4F9D-90D8-CF32EE51DAB8}.Release|Any CPU.ActiveCfg = Release|Any CPU
		{DF0B8284-12A5-4F9D-90D8-CF32EE51DAB8}.Release|Any CPU.Build.0 = Release|Any CPU
		{DF0B8284-12A5-4F9D-90D8-CF32EE51DAB8}.Release|ARM.ActiveCfg = Release|Any CPU
		{DF0B8284-12A5-4F9D-90D8-CF32EE51DAB8}.Release|ARM.Build.0 = Release|Any CPU
		{DF0B8284-12A5-4F9D-90D8-CF32EE51DAB8}.Release|ARM64.ActiveCfg = Release|Any CPU
		{DF0B8284-12A5-4F9D-90D8-CF32EE51DAB8}.Release|ARM64.Build.0 = Release|Any CPU
		{DF0B8284-12A5-4F9D-90D8-CF32EE51DAB8}.Release|x64.ActiveCfg = Release|Any CPU
		{DF0B8284-12A5-4F9D-90D8-CF32EE51DAB8}.Release|x64.Build.0 = Release|Any CPU
		{DF0B8284-12A5-4F9D-90D8-CF32EE51DAB8}.Release|x86.ActiveCfg = Release|Any CPU
		{DF0B8284-12A5-4F9D-90D8-CF32EE51DAB8}.Release|x86.Build.0 = Release|Any CPU
		{07C30CDD-AF72-482C-897C-2645A36434D9}.Debug|Any CPU.ActiveCfg = Debug|Any CPU
		{07C30CDD-AF72-482C-897C-2645A36434D9}.Debug|Any CPU.Build.0 = Debug|Any CPU
		{07C30CDD-AF72-482C-897C-2645A36434D9}.Debug|ARM.ActiveCfg = Debug|Any CPU
		{07C30CDD-AF72-482C-897C-2645A36434D9}.Debug|ARM.Build.0 = Debug|Any CPU
		{07C30CDD-AF72-482C-897C-2645A36434D9}.Debug|ARM64.ActiveCfg = Debug|Any CPU
		{07C30CDD-AF72-482C-897C-2645A36434D9}.Debug|ARM64.Build.0 = Debug|Any CPU
		{07C30CDD-AF72-482C-897C-2645A36434D9}.Debug|x64.ActiveCfg = Debug|Any CPU
		{07C30CDD-AF72-482C-897C-2645A36434D9}.Debug|x64.Build.0 = Debug|Any CPU
		{07C30CDD-AF72-482C-897C-2645A36434D9}.Debug|x86.ActiveCfg = Debug|Any CPU
		{07C30CDD-AF72-482C-897C-2645A36434D9}.Debug|x86.Build.0 = Debug|Any CPU
		{07C30CDD-AF72-482C-897C-2645A36434D9}.Release|Any CPU.ActiveCfg = Release|Any CPU
		{07C30CDD-AF72-482C-897C-2645A36434D9}.Release|Any CPU.Build.0 = Release|Any CPU
		{07C30CDD-AF72-482C-897C-2645A36434D9}.Release|ARM.ActiveCfg = Release|Any CPU
		{07C30CDD-AF72-482C-897C-2645A36434D9}.Release|ARM.Build.0 = Release|Any CPU
		{07C30CDD-AF72-482C-897C-2645A36434D9}.Release|ARM64.ActiveCfg = Release|Any CPU
		{07C30CDD-AF72-482C-897C-2645A36434D9}.Release|ARM64.Build.0 = Release|Any CPU
		{07C30CDD-AF72-482C-897C-2645A36434D9}.Release|x64.ActiveCfg = Release|Any CPU
		{07C30CDD-AF72-482C-897C-2645A36434D9}.Release|x64.Build.0 = Release|Any CPU
		{07C30CDD-AF72-482C-897C-2645A36434D9}.Release|x86.ActiveCfg = Release|Any CPU
		{07C30CDD-AF72-482C-897C-2645A36434D9}.Release|x86.Build.0 = Release|Any CPU
		{B033F19F-DF6D-4885-82B5-0B237D3B7D44}.Debug|Any CPU.ActiveCfg = Debug|Any CPU
		{B033F19F-DF6D-4885-82B5-0B237D3B7D44}.Debug|Any CPU.Build.0 = Debug|Any CPU
		{B033F19F-DF6D-4885-82B5-0B237D3B7D44}.Debug|ARM.ActiveCfg = Debug|Any CPU
		{B033F19F-DF6D-4885-82B5-0B237D3B7D44}.Debug|ARM.Build.0 = Debug|Any CPU
		{B033F19F-DF6D-4885-82B5-0B237D3B7D44}.Debug|ARM64.ActiveCfg = Debug|Any CPU
		{B033F19F-DF6D-4885-82B5-0B237D3B7D44}.Debug|ARM64.Build.0 = Debug|Any CPU
		{B033F19F-DF6D-4885-82B5-0B237D3B7D44}.Debug|x64.ActiveCfg = Debug|Any CPU
		{B033F19F-DF6D-4885-82B5-0B237D3B7D44}.Debug|x64.Build.0 = Debug|Any CPU
		{B033F19F-DF6D-4885-82B5-0B237D3B7D44}.Debug|x86.ActiveCfg = Debug|Any CPU
		{B033F19F-DF6D-4885-82B5-0B237D3B7D44}.Debug|x86.Build.0 = Debug|Any CPU
		{B033F19F-DF6D-4885-82B5-0B237D3B7D44}.Release|Any CPU.ActiveCfg = Release|Any CPU
		{B033F19F-DF6D-4885-82B5-0B237D3B7D44}.Release|Any CPU.Build.0 = Release|Any CPU
		{B033F19F-DF6D-4885-82B5-0B237D3B7D44}.Release|ARM.ActiveCfg = Release|Any CPU
		{B033F19F-DF6D-4885-82B5-0B237D3B7D44}.Release|ARM.Build.0 = Release|Any CPU
		{B033F19F-DF6D-4885-82B5-0B237D3B7D44}.Release|ARM64.ActiveCfg = Release|Any CPU
		{B033F19F-DF6D-4885-82B5-0B237D3B7D44}.Release|ARM64.Build.0 = Release|Any CPU
		{B033F19F-DF6D-4885-82B5-0B237D3B7D44}.Release|x64.ActiveCfg = Release|Any CPU
		{B033F19F-DF6D-4885-82B5-0B237D3B7D44}.Release|x64.Build.0 = Release|Any CPU
		{B033F19F-DF6D-4885-82B5-0B237D3B7D44}.Release|x86.ActiveCfg = Release|Any CPU
		{B033F19F-DF6D-4885-82B5-0B237D3B7D44}.Release|x86.Build.0 = Release|Any CPU
		{A5010281-7F3E-4C91-B062-B7D6E40D310F}.Debug|Any CPU.ActiveCfg = Debug|Any CPU
		{A5010281-7F3E-4C91-B062-B7D6E40D310F}.Debug|Any CPU.Build.0 = Debug|Any CPU
		{A5010281-7F3E-4C91-B062-B7D6E40D310F}.Debug|ARM.ActiveCfg = Debug|Any CPU
		{A5010281-7F3E-4C91-B062-B7D6E40D310F}.Debug|ARM.Build.0 = Debug|Any CPU
		{A5010281-7F3E-4C91-B062-B7D6E40D310F}.Debug|ARM64.ActiveCfg = Debug|Any CPU
		{A5010281-7F3E-4C91-B062-B7D6E40D310F}.Debug|ARM64.Build.0 = Debug|Any CPU
		{A5010281-7F3E-4C91-B062-B7D6E40D310F}.Debug|x64.ActiveCfg = Debug|x64
		{A5010281-7F3E-4C91-B062-B7D6E40D310F}.Debug|x64.Build.0 = Debug|x64
		{A5010281-7F3E-4C91-B062-B7D6E40D310F}.Debug|x86.ActiveCfg = Debug|Any CPU
		{A5010281-7F3E-4C91-B062-B7D6E40D310F}.Debug|x86.Build.0 = Debug|Any CPU
		{A5010281-7F3E-4C91-B062-B7D6E40D310F}.Release|Any CPU.ActiveCfg = Release|Any CPU
		{A5010281-7F3E-4C91-B062-B7D6E40D310F}.Release|Any CPU.Build.0 = Release|Any CPU
		{A5010281-7F3E-4C91-B062-B7D6E40D310F}.Release|ARM.ActiveCfg = Release|Any CPU
		{A5010281-7F3E-4C91-B062-B7D6E40D310F}.Release|ARM.Build.0 = Release|Any CPU
		{A5010281-7F3E-4C91-B062-B7D6E40D310F}.Release|ARM64.ActiveCfg = Release|Any CPU
		{A5010281-7F3E-4C91-B062-B7D6E40D310F}.Release|ARM64.Build.0 = Release|Any CPU
		{A5010281-7F3E-4C91-B062-B7D6E40D310F}.Release|x64.ActiveCfg = Release|x64
		{A5010281-7F3E-4C91-B062-B7D6E40D310F}.Release|x64.Build.0 = Release|x64
		{A5010281-7F3E-4C91-B062-B7D6E40D310F}.Release|x86.ActiveCfg = Release|Any CPU
		{A5010281-7F3E-4C91-B062-B7D6E40D310F}.Release|x86.Build.0 = Release|Any CPU
		{3595CC4E-337B-4928-8404-C0864BC26153}.Debug|Any CPU.ActiveCfg = Debug|Any CPU
		{3595CC4E-337B-4928-8404-C0864BC26153}.Debug|Any CPU.Build.0 = Debug|Any CPU
		{3595CC4E-337B-4928-8404-C0864BC26153}.Debug|ARM.ActiveCfg = Debug|Any CPU
		{3595CC4E-337B-4928-8404-C0864BC26153}.Debug|ARM.Build.0 = Debug|Any CPU
		{3595CC4E-337B-4928-8404-C0864BC26153}.Debug|ARM64.ActiveCfg = Debug|Any CPU
		{3595CC4E-337B-4928-8404-C0864BC26153}.Debug|ARM64.Build.0 = Debug|Any CPU
		{3595CC4E-337B-4928-8404-C0864BC26153}.Debug|x64.ActiveCfg = Debug|Any CPU
		{3595CC4E-337B-4928-8404-C0864BC26153}.Debug|x64.Build.0 = Debug|Any CPU
		{3595CC4E-337B-4928-8404-C0864BC26153}.Debug|x86.ActiveCfg = Debug|Any CPU
		{3595CC4E-337B-4928-8404-C0864BC26153}.Debug|x86.Build.0 = Debug|Any CPU
		{3595CC4E-337B-4928-8404-C0864BC26153}.Release|Any CPU.ActiveCfg = Release|Any CPU
		{3595CC4E-337B-4928-8404-C0864BC26153}.Release|Any CPU.Build.0 = Release|Any CPU
		{3595CC4E-337B-4928-8404-C0864BC26153}.Release|ARM.ActiveCfg = Release|Any CPU
		{3595CC4E-337B-4928-8404-C0864BC26153}.Release|ARM.Build.0 = Release|Any CPU
		{3595CC4E-337B-4928-8404-C0864BC26153}.Release|ARM64.ActiveCfg = Release|Any CPU
		{3595CC4E-337B-4928-8404-C0864BC26153}.Release|ARM64.Build.0 = Release|Any CPU
		{3595CC4E-337B-4928-8404-C0864BC26153}.Release|x64.ActiveCfg = Release|Any CPU
		{3595CC4E-337B-4928-8404-C0864BC26153}.Release|x64.Build.0 = Release|Any CPU
		{3595CC4E-337B-4928-8404-C0864BC26153}.Release|x86.ActiveCfg = Release|Any CPU
		{3595CC4E-337B-4928-8404-C0864BC26153}.Release|x86.Build.0 = Release|Any CPU
		{F75E390F-9997-4F0C-A2B1-5294B4F6A51C}.Debug|Any CPU.ActiveCfg = Debug|Any CPU
		{F75E390F-9997-4F0C-A2B1-5294B4F6A51C}.Debug|Any CPU.Build.0 = Debug|Any CPU
		{F75E390F-9997-4F0C-A2B1-5294B4F6A51C}.Debug|ARM.ActiveCfg = Debug|Any CPU
		{F75E390F-9997-4F0C-A2B1-5294B4F6A51C}.Debug|ARM.Build.0 = Debug|Any CPU
		{F75E390F-9997-4F0C-A2B1-5294B4F6A51C}.Debug|ARM64.ActiveCfg = Debug|Any CPU
		{F75E390F-9997-4F0C-A2B1-5294B4F6A51C}.Debug|ARM64.Build.0 = Debug|Any CPU
		{F75E390F-9997-4F0C-A2B1-5294B4F6A51C}.Debug|x64.ActiveCfg = Debug|Any CPU
		{F75E390F-9997-4F0C-A2B1-5294B4F6A51C}.Debug|x64.Build.0 = Debug|Any CPU
		{F75E390F-9997-4F0C-A2B1-5294B4F6A51C}.Debug|x86.ActiveCfg = Debug|Any CPU
		{F75E390F-9997-4F0C-A2B1-5294B4F6A51C}.Debug|x86.Build.0 = Debug|Any CPU
		{F75E390F-9997-4F0C-A2B1-5294B4F6A51C}.Release|Any CPU.ActiveCfg = Release|Any CPU
		{F75E390F-9997-4F0C-A2B1-5294B4F6A51C}.Release|Any CPU.Build.0 = Release|Any CPU
		{F75E390F-9997-4F0C-A2B1-5294B4F6A51C}.Release|ARM.ActiveCfg = Release|Any CPU
		{F75E390F-9997-4F0C-A2B1-5294B4F6A51C}.Release|ARM.Build.0 = Release|Any CPU
		{F75E390F-9997-4F0C-A2B1-5294B4F6A51C}.Release|ARM64.ActiveCfg = Release|Any CPU
		{F75E390F-9997-4F0C-A2B1-5294B4F6A51C}.Release|ARM64.Build.0 = Release|Any CPU
		{F75E390F-9997-4F0C-A2B1-5294B4F6A51C}.Release|x64.ActiveCfg = Release|Any CPU
		{F75E390F-9997-4F0C-A2B1-5294B4F6A51C}.Release|x64.Build.0 = Release|Any CPU
		{F75E390F-9997-4F0C-A2B1-5294B4F6A51C}.Release|x86.ActiveCfg = Release|Any CPU
		{F75E390F-9997-4F0C-A2B1-5294B4F6A51C}.Release|x86.Build.0 = Release|Any CPU
		{C17B15B5-FE57-4101-BE9A-94CE2D6A8268}.Debug|Any CPU.ActiveCfg = Debug|Any CPU
		{C17B15B5-FE57-4101-BE9A-94CE2D6A8268}.Debug|Any CPU.Build.0 = Debug|Any CPU
		{C17B15B5-FE57-4101-BE9A-94CE2D6A8268}.Debug|ARM.ActiveCfg = Debug|Any CPU
		{C17B15B5-FE57-4101-BE9A-94CE2D6A8268}.Debug|ARM.Build.0 = Debug|Any CPU
		{C17B15B5-FE57-4101-BE9A-94CE2D6A8268}.Debug|ARM64.ActiveCfg = Debug|Any CPU
		{C17B15B5-FE57-4101-BE9A-94CE2D6A8268}.Debug|ARM64.Build.0 = Debug|Any CPU
		{C17B15B5-FE57-4101-BE9A-94CE2D6A8268}.Debug|x64.ActiveCfg = Debug|Any CPU
		{C17B15B5-FE57-4101-BE9A-94CE2D6A8268}.Debug|x64.Build.0 = Debug|Any CPU
		{C17B15B5-FE57-4101-BE9A-94CE2D6A8268}.Debug|x86.ActiveCfg = Debug|Any CPU
		{C17B15B5-FE57-4101-BE9A-94CE2D6A8268}.Debug|x86.Build.0 = Debug|Any CPU
		{C17B15B5-FE57-4101-BE9A-94CE2D6A8268}.Release|Any CPU.ActiveCfg = Release|Any CPU
		{C17B15B5-FE57-4101-BE9A-94CE2D6A8268}.Release|Any CPU.Build.0 = Release|Any CPU
		{C17B15B5-FE57-4101-BE9A-94CE2D6A8268}.Release|ARM.ActiveCfg = Release|Any CPU
		{C17B15B5-FE57-4101-BE9A-94CE2D6A8268}.Release|ARM.Build.0 = Release|Any CPU
		{C17B15B5-FE57-4101-BE9A-94CE2D6A8268}.Release|ARM64.ActiveCfg = Release|Any CPU
		{C17B15B5-FE57-4101-BE9A-94CE2D6A8268}.Release|ARM64.Build.0 = Release|Any CPU
		{C17B15B5-FE57-4101-BE9A-94CE2D6A8268}.Release|x64.ActiveCfg = Release|Any CPU
		{C17B15B5-FE57-4101-BE9A-94CE2D6A8268}.Release|x64.Build.0 = Release|Any CPU
		{C17B15B5-FE57-4101-BE9A-94CE2D6A8268}.Release|x86.ActiveCfg = Release|Any CPU
		{C17B15B5-FE57-4101-BE9A-94CE2D6A8268}.Release|x86.Build.0 = Release|Any CPU
	EndGlobalSection
	GlobalSection(SolutionProperties) = preSolution
		HideSolutionNode = FALSE
	EndGlobalSection
	GlobalSection(ExtensibilityGlobals) = postSolution
		SolutionGuid = {0570FA06-B064-49A5-A4E1-3180B065C988}
	EndGlobalSection
EndGlobal
