
Microsoft Visual Studio Solution File, Format Version 12.00
# Visual Studio Version 17
VisualStudioVersion = 17.9.34728.123
MinimumVisualStudioVersion = 10.0.40219.1
Project("{9A19103F-16F7-4668-BE54-9A1E7A4F7556}") = "FeedbackDataLib_to_dll", "..\Libraries_netx\FeedbackDataLib\FeedbackDataLib_to_dll.csproj", "{532CFD75-4BFA-412E-AE4C-5B5997D4EC15}"
EndProject
Project("{9A19103F-16F7-4668-BE54-9A1E7A4F7556}") = "WindControlLib_to_dll", "..\Libraries_netx\WindControlLib\WindControlLib_to_dll.csproj", "{08C3ED2F-9790-416C-932E-FEC96337927C}"
EndProject
Project("{9A19103F-16F7-4668-BE54-9A1E7A4F7556}") = "XBeeLib_to_dll", "..\Libraries_netx\XBeeLib\XBeeLib_to_dll.csproj", "{40B88F65-88B2-4209-A766-67B9E967576F}"
EndProject
Project("{9A19103F-16F7-4668-BE54-9A1E7A4F7556}") = "PhidgetLib_to_dll", "..\Libraries_netx\PhidgetLib\PhidgetLib_to_dll.csproj", "{A57205F6-04CA-40EF-8BB5-A6056807415E}"
EndProject
Project("{9A19103F-16F7-4668-BE54-9A1E7A4F7556}") = "ComponentsLib_GUI_to_dll", "..\Libraries_netx\ComponentsLibGUI\ComponentsLib_GUI_to_dll.csproj", "{9E320B27-620A-4840-9875-08E94C847460}"
EndProject
Project("{9A19103F-16F7-4668-BE54-9A1E7A4F7556}") = "FeedbackDataLib_GUI_to_dll", "..\Libraries_netx\FeedbackDataLibGUI\FeedbackDataLib_GUI_to_dll.csproj", "{CDA29354-E956-442F-9603-E930F294860D}"
EndProject
Project("{9A19103F-16F7-4668-BE54-9A1E7A4F7556}") = "ComponentsLib_to_dll", "..\Libraries_netx\ComponentsLib\ComponentsLib_to_dll.csproj", "{03FF8810-B537-4CEF-9F17-CB10EC411F1E}"
EndProject
Project("{9A19103F-16F7-4668-BE54-9A1E7A4F7556}") = "BMTCommunicationLib_to_dll", "..\Libraries_netx\BMTCommunicationLib\BMTCommunicationLib_to_dll.csproj", "{328E9EB9-F0D0-4B7E-BB6C-1943A56A96D1}"
EndProject
Project("{9A19103F-16F7-4668-BE54-9A1E7A4F7556}") = "FilteringLibrary_to_dll", "..\Libraries_netx\FilteringLib\FilteringLibrary_to_dll.csproj", "{97EB9AFC-1ECA-45C8-95D0-B9E599AA7943}"
EndProject
Project("{9A19103F-16F7-4668-BE54-9A1E7A4F7556}") = "MathNetNugetLib_to_dll", "..\Libraries_netx\MathNetNugetLib\MathNetNugetLib_to_dll.csproj", "{AD01C8DE-92BE-470A-8663-E3F71BEBDC58}"
EndProject
Global
	GlobalSection(SolutionConfigurationPlatforms) = preSolution
		Debug|Any CPU = Debug|Any CPU
		Debug|x64 = Debug|x64
		Release|Any CPU = Release|Any CPU
		Release|x64 = Release|x64
	EndGlobalSection
	GlobalSection(ProjectConfigurationPlatforms) = postSolution
		{532CFD75-4BFA-412E-AE4C-5B5997D4EC15}.Debug|Any CPU.ActiveCfg = Debug|Any CPU
		{532CFD75-4BFA-412E-AE4C-5B5997D4EC15}.Debug|Any CPU.Build.0 = Debug|Any CPU
		{532CFD75-4BFA-412E-AE4C-5B5997D4EC15}.Debug|x64.ActiveCfg = Debug|x64
		{532CFD75-4BFA-412E-AE4C-5B5997D4EC15}.Debug|x64.Build.0 = Debug|x64
		{532CFD75-4BFA-412E-AE4C-5B5997D4EC15}.Release|Any CPU.ActiveCfg = Release|Any CPU
		{532CFD75-4BFA-412E-AE4C-5B5997D4EC15}.Release|Any CPU.Build.0 = Release|Any CPU
		{532CFD75-4BFA-412E-AE4C-5B5997D4EC15}.Release|x64.ActiveCfg = Release|x64
		{532CFD75-4BFA-412E-AE4C-5B5997D4EC15}.Release|x64.Build.0 = Release|x64
		{08C3ED2F-9790-416C-932E-FEC96337927C}.Debug|Any CPU.ActiveCfg = Debug|Any CPU
		{08C3ED2F-9790-416C-932E-FEC96337927C}.Debug|Any CPU.Build.0 = Debug|Any CPU
		{08C3ED2F-9790-416C-932E-FEC96337927C}.Debug|x64.ActiveCfg = Debug|Any CPU
		{08C3ED2F-9790-416C-932E-FEC96337927C}.Debug|x64.Build.0 = Debug|Any CPU
		{08C3ED2F-9790-416C-932E-FEC96337927C}.Release|Any CPU.ActiveCfg = Release|Any CPU
		{08C3ED2F-9790-416C-932E-FEC96337927C}.Release|Any CPU.Build.0 = Release|Any CPU
		{08C3ED2F-9790-416C-932E-FEC96337927C}.Release|x64.ActiveCfg = Release|Any CPU
		{08C3ED2F-9790-416C-932E-FEC96337927C}.Release|x64.Build.0 = Release|Any CPU
		{40B88F65-88B2-4209-A766-67B9E967576F}.Debug|Any CPU.ActiveCfg = Debug|Any CPU
		{40B88F65-88B2-4209-A766-67B9E967576F}.Debug|Any CPU.Build.0 = Debug|Any CPU
		{40B88F65-88B2-4209-A766-67B9E967576F}.Debug|x64.ActiveCfg = Debug|Any CPU
		{40B88F65-88B2-4209-A766-67B9E967576F}.Debug|x64.Build.0 = Debug|Any CPU
		{40B88F65-88B2-4209-A766-67B9E967576F}.Release|Any CPU.ActiveCfg = Release|Any CPU
		{40B88F65-88B2-4209-A766-67B9E967576F}.Release|Any CPU.Build.0 = Release|Any CPU
		{40B88F65-88B2-4209-A766-67B9E967576F}.Release|x64.ActiveCfg = Release|Any CPU
		{40B88F65-88B2-4209-A766-67B9E967576F}.Release|x64.Build.0 = Release|Any CPU
		{A57205F6-04CA-40EF-8BB5-A6056807415E}.Debug|Any CPU.ActiveCfg = Debug|Any CPU
		{A57205F6-04CA-40EF-8BB5-A6056807415E}.Debug|Any CPU.Build.0 = Debug|Any CPU
		{A57205F6-04CA-40EF-8BB5-A6056807415E}.Debug|x64.ActiveCfg = Debug|Any CPU
		{A57205F6-04CA-40EF-8BB5-A6056807415E}.Debug|x64.Build.0 = Debug|Any CPU
		{A57205F6-04CA-40EF-8BB5-A6056807415E}.Release|Any CPU.ActiveCfg = Release|Any CPU
		{A57205F6-04CA-40EF-8BB5-A6056807415E}.Release|Any CPU.Build.0 = Release|Any CPU
		{A57205F6-04CA-40EF-8BB5-A6056807415E}.Release|x64.ActiveCfg = Release|Any CPU
		{A57205F6-04CA-40EF-8BB5-A6056807415E}.Release|x64.Build.0 = Release|Any CPU
		{9E320B27-620A-4840-9875-08E94C847460}.Debug|Any CPU.ActiveCfg = Debug|Any CPU
		{9E320B27-620A-4840-9875-08E94C847460}.Debug|Any CPU.Build.0 = Debug|Any CPU
		{9E320B27-620A-4840-9875-08E94C847460}.Debug|x64.ActiveCfg = Debug|Any CPU
		{9E320B27-620A-4840-9875-08E94C847460}.Debug|x64.Build.0 = Debug|Any CPU
		{9E320B27-620A-4840-9875-08E94C847460}.Release|Any CPU.ActiveCfg = Release|Any CPU
		{9E320B27-620A-4840-9875-08E94C847460}.Release|Any CPU.Build.0 = Release|Any CPU
		{9E320B27-620A-4840-9875-08E94C847460}.Release|x64.ActiveCfg = Release|Any CPU
		{9E320B27-620A-4840-9875-08E94C847460}.Release|x64.Build.0 = Release|Any CPU
		{CDA29354-E956-442F-9603-E930F294860D}.Debug|Any CPU.ActiveCfg = Debug|Any CPU
		{CDA29354-E956-442F-9603-E930F294860D}.Debug|Any CPU.Build.0 = Debug|Any CPU
		{CDA29354-E956-442F-9603-E930F294860D}.Debug|x64.ActiveCfg = Debug|Any CPU
		{CDA29354-E956-442F-9603-E930F294860D}.Debug|x64.Build.0 = Debug|Any CPU
		{CDA29354-E956-442F-9603-E930F294860D}.Release|Any CPU.ActiveCfg = Release|Any CPU
		{CDA29354-E956-442F-9603-E930F294860D}.Release|Any CPU.Build.0 = Release|Any CPU
		{CDA29354-E956-442F-9603-E930F294860D}.Release|x64.ActiveCfg = Release|Any CPU
		{CDA29354-E956-442F-9603-E930F294860D}.Release|x64.Build.0 = Release|Any CPU
		{03FF8810-B537-4CEF-9F17-CB10EC411F1E}.Debug|Any CPU.ActiveCfg = Debug|Any CPU
		{03FF8810-B537-4CEF-9F17-CB10EC411F1E}.Debug|Any CPU.Build.0 = Debug|Any CPU
		{03FF8810-B537-4CEF-9F17-CB10EC411F1E}.Debug|x64.ActiveCfg = Debug|Any CPU
		{03FF8810-B537-4CEF-9F17-CB10EC411F1E}.Debug|x64.Build.0 = Debug|Any CPU
		{03FF8810-B537-4CEF-9F17-CB10EC411F1E}.Release|Any CPU.ActiveCfg = Release|Any CPU
		{03FF8810-B537-4CEF-9F17-CB10EC411F1E}.Release|Any CPU.Build.0 = Release|Any CPU
		{03FF8810-B537-4CEF-9F17-CB10EC411F1E}.Release|x64.ActiveCfg = Release|Any CPU
		{03FF8810-B537-4CEF-9F17-CB10EC411F1E}.Release|x64.Build.0 = Release|Any CPU
		{328E9EB9-F0D0-4B7E-BB6C-1943A56A96D1}.Debug|Any CPU.ActiveCfg = Debug|Any CPU
		{328E9EB9-F0D0-4B7E-BB6C-1943A56A96D1}.Debug|Any CPU.Build.0 = Debug|Any CPU
		{328E9EB9-F0D0-4B7E-BB6C-1943A56A96D1}.Debug|x64.ActiveCfg = Debug|Any CPU
		{328E9EB9-F0D0-4B7E-BB6C-1943A56A96D1}.Debug|x64.Build.0 = Debug|Any CPU
		{328E9EB9-F0D0-4B7E-BB6C-1943A56A96D1}.Release|Any CPU.ActiveCfg = Release|Any CPU
		{328E9EB9-F0D0-4B7E-BB6C-1943A56A96D1}.Release|Any CPU.Build.0 = Release|Any CPU
		{328E9EB9-F0D0-4B7E-BB6C-1943A56A96D1}.Release|x64.ActiveCfg = Release|Any CPU
		{328E9EB9-F0D0-4B7E-BB6C-1943A56A96D1}.Release|x64.Build.0 = Release|Any CPU
		{97EB9AFC-1ECA-45C8-95D0-B9E599AA7943}.Debug|Any CPU.ActiveCfg = Debug|Any CPU
		{97EB9AFC-1ECA-45C8-95D0-B9E599AA7943}.Debug|Any CPU.Build.0 = Debug|Any CPU
		{97EB9AFC-1ECA-45C8-95D0-B9E599AA7943}.Debug|x64.ActiveCfg = Debug|x64
		{97EB9AFC-1ECA-45C8-95D0-B9E599AA7943}.Debug|x64.Build.0 = Debug|x64
		{97EB9AFC-1ECA-45C8-95D0-B9E599AA7943}.Release|Any CPU.ActiveCfg = Release|Any CPU
		{97EB9AFC-1ECA-45C8-95D0-B9E599AA7943}.Release|Any CPU.Build.0 = Release|Any CPU
		{97EB9AFC-1ECA-45C8-95D0-B9E599AA7943}.Release|x64.ActiveCfg = Release|x64
		{97EB9AFC-1ECA-45C8-95D0-B9E599AA7943}.Release|x64.Build.0 = Release|x64
		{AD01C8DE-92BE-470A-8663-E3F71BEBDC58}.Debug|Any CPU.ActiveCfg = Debug|Any CPU
		{AD01C8DE-92BE-470A-8663-E3F71BEBDC58}.Debug|Any CPU.Build.0 = Debug|Any CPU
		{AD01C8DE-92BE-470A-8663-E3F71BEBDC58}.Debug|x64.ActiveCfg = Debug|x64
		{AD01C8DE-92BE-470A-8663-E3F71BEBDC58}.Debug|x64.Build.0 = Debug|x64
		{AD01C8DE-92BE-470A-8663-E3F71BEBDC58}.Release|Any CPU.ActiveCfg = Release|Any CPU
		{AD01C8DE-92BE-470A-8663-E3F71BEBDC58}.Release|Any CPU.Build.0 = Release|Any CPU
		{AD01C8DE-92BE-470A-8663-E3F71BEBDC58}.Release|x64.ActiveCfg = Release|x64
		{AD01C8DE-92BE-470A-8663-E3F71BEBDC58}.Release|x64.Build.0 = Release|x64
	EndGlobalSection
	GlobalSection(SolutionProperties) = preSolution
		HideSolutionNode = FALSE
	EndGlobalSection
	GlobalSection(ExtensibilityGlobals) = postSolution
		SolutionGuid = {C5F1C256-5B94-4074-9298-6257A3538519}
	EndGlobalSection
EndGlobal
