
Microsoft Visual Studio Solution File, Format Version 12.00
# Visual Studio Version 17
VisualStudioVersion = 17.7.34024.191
MinimumVisualStudioVersion = 10.0.40219.1
Project("{9A19103F-16F7-4668-BE54-9A1E7A4F7556}") = "Neuromaster_Demo", "Neuromaster_Demo.csproj", "{D5D53993-5B23-423C-8AC2-F5AA3FAD8790}"
EndProject
Project("{9A19103F-16F7-4668-BE54-9A1E7A4F7556}") = "FeedbackDataLib", "..\Libraries_netx\FeedbackDataLib\FeedbackDataLib.csproj", "{FC0229B2-4CAD-4448-BFF1-E70F1C21008C}"
EndProject
Project("{9A19103F-16F7-4668-BE54-9A1E7A4F7556}") = "WindControlLib", "..\Libraries_netx\WindControlLib\WindControlLib.csproj", "{9424CBA4-0431-4034-997A-A84CF23BAD53}"
EndProject
Project("{9A19103F-16F7-4668-BE54-9A1E7A4F7556}") = "XBeeLib", "..\Libraries_netx\XBeeLib\XBeeLib.csproj", "{51741387-4923-41C0-9187-65CA46EB6DA9}"
EndProject
Project("{9A19103F-16F7-4668-BE54-9A1E7A4F7556}") = "PhidgetLib", "..\Libraries_netx\PhidgetLib\PhidgetLib.csproj", "{409931CB-F977-4E3F-ABDC-0B83EC1CE09F}"
EndProject
Project("{9A19103F-16F7-4668-BE54-9A1E7A4F7556}") = "MathNetNugetLib", "..\Libraries_netx\MathNetNugetLib\MathNetNugetLib.csproj", "{27CA0589-E048-4A17-9FEC-6706FE947183}"
EndProject
Project("{9A19103F-16F7-4668-BE54-9A1E7A4F7556}") = "FeedbackDataLibGUI", "..\Libraries_netx\FeedbackDataLibGUI\FeedbackDataLibGUI.csproj", "{80861017-5981-4978-9C39-3716FAA86DF2}"
EndProject
Project("{9A19103F-16F7-4668-BE54-9A1E7A4F7556}") = "BMTCommunicationLib", "..\Libraries_netx\BMTCommunicationLib\BMTCommunicationLib.csproj", "{EFAC0244-DE00-47A9-A35F-8266C670C1B1}"
EndProject
Global
	GlobalSection(SolutionConfigurationPlatforms) = preSolution
		Debug|Any CPU = Debug|Any CPU
		Debug|ARM = Debug|ARM
		Debug|ARM64 = Debug|ARM64
		Debug|x64 = Debug|x64
		Debug|x86 = Debug|x86
		Release|Any CPU = Release|Any CPU
		Release|ARM = Release|ARM
		Release|ARM64 = Release|ARM64
		Release|x64 = Release|x64
		Release|x86 = Release|x86
	EndGlobalSection
	GlobalSection(ProjectConfigurationPlatforms) = postSolution
		{D5D53993-5B23-423C-8AC2-F5AA3FAD8790}.Debug|Any CPU.ActiveCfg = Debug|Any CPU
		{D5D53993-5B23-423C-8AC2-F5AA3FAD8790}.Debug|Any CPU.Build.0 = Debug|Any CPU
		{D5D53993-5B23-423C-8AC2-F5AA3FAD8790}.Debug|ARM.ActiveCfg = Debug|Any CPU
		{D5D53993-5B23-423C-8AC2-F5AA3FAD8790}.Debug|ARM.Build.0 = Debug|Any CPU
		{D5D53993-5B23-423C-8AC2-F5AA3FAD8790}.Debug|ARM64.ActiveCfg = Debug|Any CPU
		{D5D53993-5B23-423C-8AC2-F5AA3FAD8790}.Debug|ARM64.Build.0 = Debug|Any CPU
		{D5D53993-5B23-423C-8AC2-F5AA3FAD8790}.Debug|x64.ActiveCfg = Debug|x64
		{D5D53993-5B23-423C-8AC2-F5AA3FAD8790}.Debug|x64.Build.0 = Debug|x64
		{D5D53993-5B23-423C-8AC2-F5AA3FAD8790}.Debug|x86.ActiveCfg = Debug|Any CPU
		{D5D53993-5B23-423C-8AC2-F5AA3FAD8790}.Debug|x86.Build.0 = Debug|Any CPU
		{D5D53993-5B23-423C-8AC2-F5AA3FAD8790}.Release|Any CPU.ActiveCfg = Release|Any CPU
		{D5D53993-5B23-423C-8AC2-F5AA3FAD8790}.Release|Any CPU.Build.0 = Release|Any CPU
		{D5D53993-5B23-423C-8AC2-F5AA3FAD8790}.Release|ARM.ActiveCfg = Release|Any CPU
		{D5D53993-5B23-423C-8AC2-F5AA3FAD8790}.Release|ARM.Build.0 = Release|Any CPU
		{D5D53993-5B23-423C-8AC2-F5AA3FAD8790}.Release|ARM64.ActiveCfg = Release|Any CPU
		{D5D53993-5B23-423C-8AC2-F5AA3FAD8790}.Release|ARM64.Build.0 = Release|Any CPU
		{D5D53993-5B23-423C-8AC2-F5AA3FAD8790}.Release|x64.ActiveCfg = Release|x64
		{D5D53993-5B23-423C-8AC2-F5AA3FAD8790}.Release|x64.Build.0 = Release|x64
		{D5D53993-5B23-423C-8AC2-F5AA3FAD8790}.Release|x86.ActiveCfg = Release|Any CPU
		{D5D53993-5B23-423C-8AC2-F5AA3FAD8790}.Release|x86.Build.0 = Release|Any CPU
		{FC0229B2-4CAD-4448-BFF1-E70F1C21008C}.Debug|Any CPU.ActiveCfg = Debug|Any CPU
		{FC0229B2-4CAD-4448-BFF1-E70F1C21008C}.Debug|Any CPU.Build.0 = Debug|Any CPU
		{FC0229B2-4CAD-4448-BFF1-E70F1C21008C}.Debug|ARM.ActiveCfg = Debug|Any CPU
		{FC0229B2-4CAD-4448-BFF1-E70F1C21008C}.Debug|ARM.Build.0 = Debug|Any CPU
		{FC0229B2-4CAD-4448-BFF1-E70F1C21008C}.Debug|ARM64.ActiveCfg = Debug|Any CPU
		{FC0229B2-4CAD-4448-BFF1-E70F1C21008C}.Debug|ARM64.Build.0 = Debug|Any CPU
		{FC0229B2-4CAD-4448-BFF1-E70F1C21008C}.Debug|x64.ActiveCfg = Debug|x64
		{FC0229B2-4CAD-4448-BFF1-E70F1C21008C}.Debug|x64.Build.0 = Debug|x64
		{FC0229B2-4CAD-4448-BFF1-E70F1C21008C}.Debug|x86.ActiveCfg = Debug|Any CPU
		{FC0229B2-4CAD-4448-BFF1-E70F1C21008C}.Debug|x86.Build.0 = Debug|Any CPU
		{FC0229B2-4CAD-4448-BFF1-E70F1C21008C}.Release|Any CPU.ActiveCfg = Release|Any CPU
		{FC0229B2-4CAD-4448-BFF1-E70F1C21008C}.Release|Any CPU.Build.0 = Release|Any CPU
		{FC0229B2-4CAD-4448-BFF1-E70F1C21008C}.Release|ARM.ActiveCfg = Release|Any CPU
		{FC0229B2-4CAD-4448-BFF1-E70F1C21008C}.Release|ARM.Build.0 = Release|Any CPU
		{FC0229B2-4CAD-4448-BFF1-E70F1C21008C}.Release|ARM64.ActiveCfg = Release|Any CPU
		{FC0229B2-4CAD-4448-BFF1-E70F1C21008C}.Release|ARM64.Build.0 = Release|Any CPU
		{FC0229B2-4CAD-4448-BFF1-E70F1C21008C}.Release|x64.ActiveCfg = Release|x64
		{FC0229B2-4CAD-4448-BFF1-E70F1C21008C}.Release|x64.Build.0 = Release|x64
		{FC0229B2-4CAD-4448-BFF1-E70F1C21008C}.Release|x86.ActiveCfg = Release|Any CPU
		{FC0229B2-4CAD-4448-BFF1-E70F1C21008C}.Release|x86.Build.0 = Release|Any CPU
		{9424CBA4-0431-4034-997A-A84CF23BAD53}.Debug|Any CPU.ActiveCfg = Debug|Any CPU
		{9424CBA4-0431-4034-997A-A84CF23BAD53}.Debug|Any CPU.Build.0 = Debug|Any CPU
		{9424CBA4-0431-4034-997A-A84CF23BAD53}.Debug|ARM.ActiveCfg = Debug|Any CPU
		{9424CBA4-0431-4034-997A-A84CF23BAD53}.Debug|ARM.Build.0 = Debug|Any CPU
		{9424CBA4-0431-4034-997A-A84CF23BAD53}.Debug|ARM64.ActiveCfg = Debug|Any CPU
		{9424CBA4-0431-4034-997A-A84CF23BAD53}.Debug|ARM64.Build.0 = Debug|Any CPU
		{9424CBA4-0431-4034-997A-A84CF23BAD53}.Debug|x64.ActiveCfg = Debug|Any CPU
		{9424CBA4-0431-4034-997A-A84CF23BAD53}.Debug|x64.Build.0 = Debug|Any CPU
		{9424CBA4-0431-4034-997A-A84CF23BAD53}.Debug|x86.ActiveCfg = Debug|Any CPU
		{9424CBA4-0431-4034-997A-A84CF23BAD53}.Debug|x86.Build.0 = Debug|Any CPU
		{9424CBA4-0431-4034-997A-A84CF23BAD53}.Release|Any CPU.ActiveCfg = Release|Any CPU
		{9424CBA4-0431-4034-997A-A84CF23BAD53}.Release|Any CPU.Build.0 = Release|Any CPU
		{9424CBA4-0431-4034-997A-A84CF23BAD53}.Release|ARM.ActiveCfg = Release|Any CPU
		{9424CBA4-0431-4034-997A-A84CF23BAD53}.Release|ARM.Build.0 = Release|Any CPU
		{9424CBA4-0431-4034-997A-A84CF23BAD53}.Release|ARM64.ActiveCfg = Release|Any CPU
		{9424CBA4-0431-4034-997A-A84CF23BAD53}.Release|ARM64.Build.0 = Release|Any CPU
		{9424CBA4-0431-4034-997A-A84CF23BAD53}.Release|x64.ActiveCfg = Release|Any CPU
		{9424CBA4-0431-4034-997A-A84CF23BAD53}.Release|x64.Build.0 = Release|Any CPU
		{9424CBA4-0431-4034-997A-A84CF23BAD53}.Release|x86.ActiveCfg = Release|Any CPU
		{9424CBA4-0431-4034-997A-A84CF23BAD53}.Release|x86.Build.0 = Release|Any CPU
		{51741387-4923-41C0-9187-65CA46EB6DA9}.Debug|Any CPU.ActiveCfg = Debug|Any CPU
		{51741387-4923-41C0-9187-65CA46EB6DA9}.Debug|Any CPU.Build.0 = Debug|Any CPU
		{51741387-4923-41C0-9187-65CA46EB6DA9}.Debug|ARM.ActiveCfg = Debug|Any CPU
		{51741387-4923-41C0-9187-65CA46EB6DA9}.Debug|ARM.Build.0 = Debug|Any CPU
		{51741387-4923-41C0-9187-65CA46EB6DA9}.Debug|ARM64.ActiveCfg = Debug|Any CPU
		{51741387-4923-41C0-9187-65CA46EB6DA9}.Debug|ARM64.Build.0 = Debug|Any CPU
		{51741387-4923-41C0-9187-65CA46EB6DA9}.Debug|x64.ActiveCfg = Debug|Any CPU
		{51741387-4923-41C0-9187-65CA46EB6DA9}.Debug|x64.Build.0 = Debug|Any CPU
		{51741387-4923-41C0-9187-65CA46EB6DA9}.Debug|x86.ActiveCfg = Debug|Any CPU
		{51741387-4923-41C0-9187-65CA46EB6DA9}.Debug|x86.Build.0 = Debug|Any CPU
		{51741387-4923-41C0-9187-65CA46EB6DA9}.Release|Any CPU.ActiveCfg = Release|Any CPU
		{51741387-4923-41C0-9187-65CA46EB6DA9}.Release|Any CPU.Build.0 = Release|Any CPU
		{51741387-4923-41C0-9187-65CA46EB6DA9}.Release|ARM.ActiveCfg = Release|Any CPU
		{51741387-4923-41C0-9187-65CA46EB6DA9}.Release|ARM.Build.0 = Release|Any CPU
		{51741387-4923-41C0-9187-65CA46EB6DA9}.Release|ARM64.ActiveCfg = Release|Any CPU
		{51741387-4923-41C0-9187-65CA46EB6DA9}.Release|ARM64.Build.0 = Release|Any CPU
		{51741387-4923-41C0-9187-65CA46EB6DA9}.Release|x64.ActiveCfg = Release|Any CPU
		{51741387-4923-41C0-9187-65CA46EB6DA9}.Release|x64.Build.0 = Release|Any CPU
		{51741387-4923-41C0-9187-65CA46EB6DA9}.Release|x86.ActiveCfg = Release|Any CPU
		{51741387-4923-41C0-9187-65CA46EB6DA9}.Release|x86.Build.0 = Release|Any CPU
		{409931CB-F977-4E3F-ABDC-0B83EC1CE09F}.Debug|Any CPU.ActiveCfg = Debug|Any CPU
		{409931CB-F977-4E3F-ABDC-0B83EC1CE09F}.Debug|Any CPU.Build.0 = Debug|Any CPU
		{409931CB-F977-4E3F-ABDC-0B83EC1CE09F}.Debug|ARM.ActiveCfg = Debug|Any CPU
		{409931CB-F977-4E3F-ABDC-0B83EC1CE09F}.Debug|ARM.Build.0 = Debug|Any CPU
		{409931CB-F977-4E3F-ABDC-0B83EC1CE09F}.Debug|ARM64.ActiveCfg = Debug|Any CPU
		{409931CB-F977-4E3F-ABDC-0B83EC1CE09F}.Debug|ARM64.Build.0 = Debug|Any CPU
		{409931CB-F977-4E3F-ABDC-0B83EC1CE09F}.Debug|x64.ActiveCfg = Debug|Any CPU
		{409931CB-F977-4E3F-ABDC-0B83EC1CE09F}.Debug|x64.Build.0 = Debug|Any CPU
		{409931CB-F977-4E3F-ABDC-0B83EC1CE09F}.Debug|x86.ActiveCfg = Debug|Any CPU
		{409931CB-F977-4E3F-ABDC-0B83EC1CE09F}.Debug|x86.Build.0 = Debug|Any CPU
		{409931CB-F977-4E3F-ABDC-0B83EC1CE09F}.Release|Any CPU.ActiveCfg = Release|Any CPU
		{409931CB-F977-4E3F-ABDC-0B83EC1CE09F}.Release|Any CPU.Build.0 = Release|Any CPU
		{409931CB-F977-4E3F-ABDC-0B83EC1CE09F}.Release|ARM.ActiveCfg = Release|Any CPU
		{409931CB-F977-4E3F-ABDC-0B83EC1CE09F}.Release|ARM.Build.0 = Release|Any CPU
		{409931CB-F977-4E3F-ABDC-0B83EC1CE09F}.Release|ARM64.ActiveCfg = Release|Any CPU
		{409931CB-F977-4E3F-ABDC-0B83EC1CE09F}.Release|ARM64.Build.0 = Release|Any CPU
		{409931CB-F977-4E3F-ABDC-0B83EC1CE09F}.Release|x64.ActiveCfg = Release|Any CPU
		{409931CB-F977-4E3F-ABDC-0B83EC1CE09F}.Release|x64.Build.0 = Release|Any CPU
		{409931CB-F977-4E3F-ABDC-0B83EC1CE09F}.Release|x86.ActiveCfg = Release|Any CPU
		{409931CB-F977-4E3F-ABDC-0B83EC1CE09F}.Release|x86.Build.0 = Release|Any CPU
		{27CA0589-E048-4A17-9FEC-6706FE947183}.Debug|Any CPU.ActiveCfg = Debug|Any CPU
		{27CA0589-E048-4A17-9FEC-6706FE947183}.Debug|Any CPU.Build.0 = Debug|Any CPU
		{27CA0589-E048-4A17-9FEC-6706FE947183}.Debug|ARM.ActiveCfg = Debug|Any CPU
		{27CA0589-E048-4A17-9FEC-6706FE947183}.Debug|ARM.Build.0 = Debug|Any CPU
		{27CA0589-E048-4A17-9FEC-6706FE947183}.Debug|ARM64.ActiveCfg = Debug|Any CPU
		{27CA0589-E048-4A17-9FEC-6706FE947183}.Debug|ARM64.Build.0 = Debug|Any CPU
		{27CA0589-E048-4A17-9FEC-6706FE947183}.Debug|x64.ActiveCfg = Debug|x64
		{27CA0589-E048-4A17-9FEC-6706FE947183}.Debug|x64.Build.0 = Debug|x64
		{27CA0589-E048-4A17-9FEC-6706FE947183}.Debug|x86.ActiveCfg = Debug|Any CPU
		{27CA0589-E048-4A17-9FEC-6706FE947183}.Debug|x86.Build.0 = Debug|Any CPU
		{27CA0589-E048-4A17-9FEC-6706FE947183}.Release|Any CPU.ActiveCfg = Release|Any CPU
		{27CA0589-E048-4A17-9FEC-6706FE947183}.Release|Any CPU.Build.0 = Release|Any CPU
		{27CA0589-E048-4A17-9FEC-6706FE947183}.Release|ARM.ActiveCfg = Release|Any CPU
		{27CA0589-E048-4A17-9FEC-6706FE947183}.Release|ARM.Build.0 = Release|Any CPU
		{27CA0589-E048-4A17-9FEC-6706FE947183}.Release|ARM64.ActiveCfg = Release|Any CPU
		{27CA0589-E048-4A17-9FEC-6706FE947183}.Release|ARM64.Build.0 = Release|Any CPU
		{27CA0589-E048-4A17-9FEC-6706FE947183}.Release|x64.ActiveCfg = Release|x64
		{27CA0589-E048-4A17-9FEC-6706FE947183}.Release|x64.Build.0 = Release|x64
		{27CA0589-E048-4A17-9FEC-6706FE947183}.Release|x86.ActiveCfg = Release|Any CPU
		{27CA0589-E048-4A17-9FEC-6706FE947183}.Release|x86.Build.0 = Release|Any CPU
		{80861017-5981-4978-9C39-3716FAA86DF2}.Debug|Any CPU.ActiveCfg = Debug|Any CPU
		{80861017-5981-4978-9C39-3716FAA86DF2}.Debug|Any CPU.Build.0 = Debug|Any CPU
		{80861017-5981-4978-9C39-3716FAA86DF2}.Debug|ARM.ActiveCfg = Debug|Any CPU
		{80861017-5981-4978-9C39-3716FAA86DF2}.Debug|ARM.Build.0 = Debug|Any CPU
		{80861017-5981-4978-9C39-3716FAA86DF2}.Debug|ARM64.ActiveCfg = Debug|Any CPU
		{80861017-5981-4978-9C39-3716FAA86DF2}.Debug|ARM64.Build.0 = Debug|Any CPU
		{80861017-5981-4978-9C39-3716FAA86DF2}.Debug|x64.ActiveCfg = Debug|Any CPU
		{80861017-5981-4978-9C39-3716FAA86DF2}.Debug|x64.Build.0 = Debug|Any CPU
		{80861017-5981-4978-9C39-3716FAA86DF2}.Debug|x86.ActiveCfg = Debug|Any CPU
		{80861017-5981-4978-9C39-3716FAA86DF2}.Debug|x86.Build.0 = Debug|Any CPU
		{80861017-5981-4978-9C39-3716FAA86DF2}.Release|Any CPU.ActiveCfg = Release|Any CPU
		{80861017-5981-4978-9C39-3716FAA86DF2}.Release|Any CPU.Build.0 = Release|Any CPU
		{80861017-5981-4978-9C39-3716FAA86DF2}.Release|ARM.ActiveCfg = Release|Any CPU
		{80861017-5981-4978-9C39-3716FAA86DF2}.Release|ARM.Build.0 = Release|Any CPU
		{80861017-5981-4978-9C39-3716FAA86DF2}.Release|ARM64.ActiveCfg = Release|Any CPU
		{80861017-5981-4978-9C39-3716FAA86DF2}.Release|ARM64.Build.0 = Release|Any CPU
		{80861017-5981-4978-9C39-3716FAA86DF2}.Release|x64.ActiveCfg = Release|Any CPU
		{80861017-5981-4978-9C39-3716FAA86DF2}.Release|x64.Build.0 = Release|Any CPU
		{80861017-5981-4978-9C39-3716FAA86DF2}.Release|x86.ActiveCfg = Release|Any CPU
		{80861017-5981-4978-9C39-3716FAA86DF2}.Release|x86.Build.0 = Release|Any CPU
		{EFAC0244-DE00-47A9-A35F-8266C670C1B1}.Debug|Any CPU.ActiveCfg = Debug|Any CPU
		{EFAC0244-DE00-47A9-A35F-8266C670C1B1}.Debug|Any CPU.Build.0 = Debug|Any CPU
		{EFAC0244-DE00-47A9-A35F-8266C670C1B1}.Debug|ARM.ActiveCfg = Debug|Any CPU
		{EFAC0244-DE00-47A9-A35F-8266C670C1B1}.Debug|ARM.Build.0 = Debug|Any CPU
		{EFAC0244-DE00-47A9-A35F-8266C670C1B1}.Debug|ARM64.ActiveCfg = Debug|Any CPU
		{EFAC0244-DE00-47A9-A35F-8266C670C1B1}.Debug|ARM64.Build.0 = Debug|Any CPU
		{EFAC0244-DE00-47A9-A35F-8266C670C1B1}.Debug|x64.ActiveCfg = Debug|Any CPU
		{EFAC0244-DE00-47A9-A35F-8266C670C1B1}.Debug|x64.Build.0 = Debug|Any CPU
		{EFAC0244-DE00-47A9-A35F-8266C670C1B1}.Debug|x86.ActiveCfg = Debug|Any CPU
		{EFAC0244-DE00-47A9-A35F-8266C670C1B1}.Debug|x86.Build.0 = Debug|Any CPU
		{EFAC0244-DE00-47A9-A35F-8266C670C1B1}.Release|Any CPU.ActiveCfg = Release|Any CPU
		{EFAC0244-DE00-47A9-A35F-8266C670C1B1}.Release|Any CPU.Build.0 = Release|Any CPU
		{EFAC0244-DE00-47A9-A35F-8266C670C1B1}.Release|ARM.ActiveCfg = Release|Any CPU
		{EFAC0244-DE00-47A9-A35F-8266C670C1B1}.Release|ARM.Build.0 = Release|Any CPU
		{EFAC0244-DE00-47A9-A35F-8266C670C1B1}.Release|ARM64.ActiveCfg = Release|Any CPU
		{EFAC0244-DE00-47A9-A35F-8266C670C1B1}.Release|ARM64.Build.0 = Release|Any CPU
		{EFAC0244-DE00-47A9-A35F-8266C670C1B1}.Release|x64.ActiveCfg = Release|Any CPU
		{EFAC0244-DE00-47A9-A35F-8266C670C1B1}.Release|x64.Build.0 = Release|Any CPU
		{EFAC0244-DE00-47A9-A35F-8266C670C1B1}.Release|x86.ActiveCfg = Release|Any CPU
		{EFAC0244-DE00-47A9-A35F-8266C670C1B1}.Release|x86.Build.0 = Release|Any CPU
	EndGlobalSection
	GlobalSection(SolutionProperties) = preSolution
		HideSolutionNode = FALSE
	EndGlobalSection
	GlobalSection(ExtensibilityGlobals) = postSolution
		SolutionGuid = {0570FA06-B064-49A5-A4E1-3180B065C988}
	EndGlobalSection
EndGlobal
